
Microsoft Visual Studio Solution File, Format Version 12.00
# Visual Studio 14
VisualStudioVersion = 14.0.23107.0
MinimumVisualStudioVersion = 10.0.40219.1
Project("{FAE04EC0-301F-11D3-BF4B-00C04F79EFBC}") = "DummyDB", "DummyDB\DummyDB.csproj", "{022353E7-6914-43AD-99F3-F7B8610EA29C}"
EndProject
Project("{2150E333-8FDC-42A3-9474-1A3956D46DE8}") = "PublishScripts", "PublishScripts", "{B86A980F-D23C-4B9E-8D64-0874A62D0785}"
	ProjectSection(SolutionItems) = preProject
		PublishScripts\AzureVMPublishModule.psm1 = PublishScripts\AzureVMPublishModule.psm1
		PublishScripts\Publish-WebApplicationVM.ps1 = PublishScripts\Publish-WebApplicationVM.ps1
	EndProjectSection
EndProject
Project("{2150E333-8FDC-42A3-9474-1A3956D46DE8}") = "Configurations", "Configurations", "{75A2592C-E5D0-41AB-ACAB-5C77D4EC2050}"
	ProjectSection(SolutionItems) = preProject
		PublishScripts\Configurations\DummyDB-WAWS-dev.json = PublishScripts\Configurations\DummyDB-WAWS-dev.json
	EndProjectSection
EndProject
Global
	GlobalSection(SolutionConfigurationPlatforms) = preSolution
		Debug|Any CPU = Debug|Any CPU
		Release|Any CPU = Release|Any CPU
	EndGlobalSection
	GlobalSection(ProjectConfigurationPlatforms) = postSolution
		{022353E7-6914-43AD-99F3-F7B8610EA29C}.Debug|Any CPU.ActiveCfg = Debug|Any CPU
		{022353E7-6914-43AD-99F3-F7B8610EA29C}.Debug|Any CPU.Build.0 = Debug|Any CPU
		{022353E7-6914-43AD-99F3-F7B8610EA29C}.Release|Any CPU.ActiveCfg = Release|Any CPU
		{022353E7-6914-43AD-99F3-F7B8610EA29C}.Release|Any CPU.Build.0 = Release|Any CPU
	EndGlobalSection
	GlobalSection(SolutionProperties) = preSolution
		HideSolutionNode = FALSE
	EndGlobalSection
	GlobalSection(NestedProjects) = preSolution
		{75A2592C-E5D0-41AB-ACAB-5C77D4EC2050} = {B86A980F-D23C-4B9E-8D64-0874A62D0785}
	EndGlobalSection
EndGlobal
